
Microsoft Visual Studio Solution File, Format Version 12.00
# Visual Studio Version 17
VisualStudioVersion = 17.7.34221.43
MinimumVisualStudioVersion = 10.0.40219.1
Project("{FAE04EC0-301F-11D3-BF4B-00C04F79EFBC}") = "hw1_9_15", "hw1_9_15\hw1_9_15.csproj", "{A475C25F-9DF0-461C-BBDE-F740C98499F8}"
EndProject
Global
	GlobalSection(SolutionConfigurationPlatforms) = preSolution
		Debug|Any CPU = Debug|Any CPU
		Release|Any CPU = Release|Any CPU
	EndGlobalSection
	GlobalSection(ProjectConfigurationPlatforms) = postSolution
		{A475C25F-9DF0-461C-BBDE-F740C98499F8}.Debug|Any CPU.ActiveCfg = Debug|Any CPU
		{A475C25F-9DF0-461C-BBDE-F740C98499F8}.Debug|Any CPU.Build.0 = Debug|Any CPU
		{A475C25F-9DF0-461C-BBDE-F740C98499F8}.Release|Any CPU.ActiveCfg = Release|Any CPU
		{A475C25F-9DF0-461C-BBDE-F740C98499F8}.Release|Any CPU.Build.0 = Release|Any CPU
	EndGlobalSection
	GlobalSection(SolutionProperties) = preSolution
		HideSolutionNode = FALSE
	EndGlobalSection
	GlobalSection(ExtensibilityGlobals) = postSolution
		SolutionGuid = {FC596921-0142-461D-8178-F674FABC5BA2}
	EndGlobalSection
EndGlobal
